
Microsoft Visual Studio Solution File, Format Version 12.00
# Visual Studio Version 17
VisualStudioVersion = 17.13.35818.85 d17.13
MinimumVisualStudioVersion = 10.0.40219.1
Project("{FAE04EC0-301F-11D3-BF4B-00C04F79EFBC}") = "Audio.AI", "Audio.AI\Audio.AI.csproj", "{DADBF4FA-7839-4F0B-8117-03BA2EE267A9}"
EndProject
Global
	GlobalSection(SolutionConfigurationPlatforms) = preSolution
		Debug|Any CPU = Debug|Any CPU
		Release|Any CPU = Release|Any CPU
	EndGlobalSection
	GlobalSection(ProjectConfigurationPlatforms) = postSolution
		{DADBF4FA-7839-4F0B-8117-03BA2EE267A9}.Debug|Any CPU.ActiveCfg = Debug|Any CPU
		{DADBF4FA-7839-4F0B-8117-03BA2EE267A9}.Debug|Any CPU.Build.0 = Debug|Any CPU
		{DADBF4FA-7839-4F0B-8117-03BA2EE267A9}.Release|Any CPU.ActiveCfg = Release|Any CPU
		{DADBF4FA-7839-4F0B-8117-03BA2EE267A9}.Release|Any CPU.Build.0 = Release|Any CPU
	EndGlobalSection
	GlobalSection(SolutionProperties) = preSolution
		HideSolutionNode = FALSE
	EndGlobalSection
	GlobalSection(ExtensibilityGlobals) = postSolution
		SolutionGuid = {3CA5C50B-CB58-48B2-A8C7-5EB183AE919A}
	EndGlobalSection
EndGlobal
